
Microsoft Visual Studio Solution File, Format Version 12.00
# Visual Studio Version 17
VisualStudioVersion = 17.5.002.0
MinimumVisualStudioVersion = 10.0.40219.1
Project("{9A19103F-16F7-4668-BE54-9A1E7A4F7556}") = "Calc", "Calc.csproj", "{AAACBB95-8ECD-4F3A-9AC2-0F4F13D2C1EC}"
EndProject
Global
	GlobalSection(SolutionConfigurationPlatforms) = preSolution
		Debug|Any CPU = Debug|Any CPU
		Release|Any CPU = Release|Any CPU
	EndGlobalSection
	GlobalSection(ProjectConfigurationPlatforms) = postSolution
		{AAACBB95-8ECD-4F3A-9AC2-0F4F13D2C1EC}.Debug|Any CPU.ActiveCfg = Debug|Any CPU
		{AAACBB95-8ECD-4F3A-9AC2-0F4F13D2C1EC}.Debug|Any CPU.Build.0 = Debug|Any CPU
		{AAACBB95-8ECD-4F3A-9AC2-0F4F13D2C1EC}.Release|Any CPU.ActiveCfg = Release|Any CPU
		{AAACBB95-8ECD-4F3A-9AC2-0F4F13D2C1EC}.Release|Any CPU.Build.0 = Release|Any CPU
	EndGlobalSection
	GlobalSection(SolutionProperties) = preSolution
		HideSolutionNode = FALSE
	EndGlobalSection
	GlobalSection(ExtensibilityGlobals) = postSolution
		SolutionGuid = {61B48C86-E4D7-44CE-A0C3-730B1C8B30FC}
	EndGlobalSection
EndGlobal
